
Microsoft Visual Studio Solution File, Format Version 12.00
# Visual Studio Version 16
VisualStudioVersion = 16.0.32228.343
MinimumVisualStudioVersion = 10.0.40219.1
Project("{FAE04EC0-301F-11D3-BF4B-00C04F79EFBC}") = "Laboratorio 1", "Laboratorio 1\Laboratorio 1.csproj", "{9C867F3D-65CC-45A0-85B8-6993A9D36AC8}"
EndProject
Project("{FAE04EC0-301F-11D3-BF4B-00C04F79EFBC}") = "Laboratorio 1.Tests", "Laboratorio 1.Tests\Laboratorio 1.Tests.csproj", "{8659A542-13A0-48F2-A2C3-37190C4A2543}"
EndProject
Global
	GlobalSection(SolutionConfigurationPlatforms) = preSolution
		Debug|Any CPU = Debug|Any CPU
		Release|Any CPU = Release|Any CPU
	EndGlobalSection
	GlobalSection(ProjectConfigurationPlatforms) = postSolution
		{9C867F3D-65CC-45A0-85B8-6993A9D36AC8}.Debug|Any CPU.ActiveCfg = Debug|Any CPU
		{9C867F3D-65CC-45A0-85B8-6993A9D36AC8}.Debug|Any CPU.Build.0 = Debug|Any CPU
		{9C867F3D-65CC-45A0-85B8-6993A9D36AC8}.Release|Any CPU.ActiveCfg = Release|Any CPU
		{9C867F3D-65CC-45A0-85B8-6993A9D36AC8}.Release|Any CPU.Build.0 = Release|Any CPU
		{8659A542-13A0-48F2-A2C3-37190C4A2543}.Debug|Any CPU.ActiveCfg = Debug|Any CPU
		{8659A542-13A0-48F2-A2C3-37190C4A2543}.Debug|Any CPU.Build.0 = Debug|Any CPU
		{8659A542-13A0-48F2-A2C3-37190C4A2543}.Release|Any CPU.ActiveCfg = Release|Any CPU
		{8659A542-13A0-48F2-A2C3-37190C4A2543}.Release|Any CPU.Build.0 = Release|Any CPU
	EndGlobalSection
	GlobalSection(SolutionProperties) = preSolution
		HideSolutionNode = FALSE
	EndGlobalSection
	GlobalSection(ExtensibilityGlobals) = postSolution
		SolutionGuid = {9E44AE29-A781-40BB-9040-B66ED10FC5A9}
	EndGlobalSection
EndGlobal
